PODS:
  - FBSnapshotTestCase (2.1.4):
    - FBSnapshotTestCase/SwiftSupport (= 2.1.4)
  - FBSnapshotTestCase/Core (2.1.4)
  - FBSnapshotTestCase/SwiftSupport (2.1.4):
    - FBSnapshotTestCase/Core
  - NormalTools (1.0.2):
    - YYCategories (~> 1.0.4)
  - YYCategories (1.0.4):
    - YYCategories/no-arc (= 1.0.4)
  - YYCategories/no-arc (1.0.4)

DEPENDENCIES:
  - FBSnapshotTestCase
  - NormalTools (from `../`)
  - YYCategories (~> 1.0.4)

SPEC REPOS:
  trunk:
    - FBSnapshotTestCase
    - YYCategories

EXTERNAL SOURCES:
  NormalTools:
    :path: "../"

SPEC CHECKSUMS:
  FBSnapshotTestCase: 094f9f314decbabe373b87cc339bea235a63e07a
  NormalTools: db82531fd99c4d74bbf2e6890434fa2cf6b1b101
  YYCategories: 6bcd4314c6661a561410dce4a793379ebd306abd

PODFILE CHECKSUM: f31b7831f7b2f68ca633d2f297fbbd394137cc47

COCOAPODS: 1.10.1
