PODS:
  - FBSnapshotTestCase (2.1.4):
    - FBSnapshotTestCase/SwiftSupport (= 2.1.4)
  - FBSnapshotTestCase/Core (2.1.4)
  - FBSnapshotTestCase/SwiftSupport (2.1.4):
    - FBSnapshotTestCase/Core
  - NormalTools (1.0.0):
    - YYCategories (~> 1.0.4)
  - YYCategories (1.0.4):
    - YYCategories/no-arc (= 1.0.4)
  - YYCategories/no-arc (1.0.4)

DEPENDENCIES:
  - FBSnapshotTestCase
  - NormalTools (from `../`)
  - YYCategories (~> 1.0.4)

SPEC REPOS:
  trunk:
    - FBSnapshotTestCase
    - YYCategories

EXTERNAL SOURCES:
  NormalTools:
    :path: "../"

SPEC CHECKSUMS:
  FBSnapshotTestCase: 094f9f314decbabe373b87cc339bea235a63e07a
  NormalTools: eaba309c6cbde428102b03595cb6fac374626244
  YYCategories: 6bcd4314c6661a561410dce4a793379ebd306abd

PODFILE CHECKSUM: 626a025ba6264aefa8453886360688d482f3d4ea

COCOAPODS: 1.10.1
